<Project xmlns="http://schemas.microsoft.com/developer/msbuild/2003">
  <PropertyGroup>
    <ProjectGuid>{33698d5a-5dd9-4588-ad28-50df49a7b6b6}</ProjectGuid>
    <MainSource>testhash.dpr</MainSource>
    <Configuration Condition=" '$(Configuration)' == '' ">Debug</Configuration>
    <Platform Condition=" '$(Platform)' == '' ">AnyCPU</Platform>
    <DCC_DCCCompiler>DCCIL</DCC_DCCCompiler>
    <DCC_DependencyCheckOutputName>testhash.exe</DCC_DependencyCheckOutputName>
    <DCC_EnabledPackages>true</DCC_EnabledPackages>
    <DCC_UsePackage>C:\Windows\Microsoft.NET\Framework\v2.0.50727\System.Drawing.dll</DCC_UsePackage>
  </PropertyGroup>
  <PropertyGroup Condition=" '$(Configuration)|$(Platform)' == 'Release|AnyCPU' ">
    <Version>7.0</Version>
    <DCC_DebugInformation>False</DCC_DebugInformation>
    <DCC_LocalDebugSymbols>False</DCC_LocalDebugSymbols>
    <DCC_SymbolReferenceInfo>0</DCC_SymbolReferenceInfo>
    <DCC_DebugInfoInExe>True</DCC_DebugInfoInExe>
    <DCC_DebugVN>True</DCC_DebugVN>
    <DCC_Define>RELEASE</DCC_Define>
  </PropertyGroup>
  <PropertyGroup Condition=" '$(Configuration)|$(Platform)' == 'Debug|AnyCPU' ">
    <Version>7.0</Version>
    <DCC_DebugInfoInExe>True</DCC_DebugInfoInExe>
    <DCC_DebugVN>True</DCC_DebugVN>
    <DCC_Define>DEBUG</DCC_Define>
    <DCC_Platform>x86</DCC_Platform>
    <DCC_NameSpace>Borland.Vcl</DCC_NameSpace>
    <DCC_UnitSearchPath>C:\Windows\Microsoft.NET\Framework\v2.0.50727</DCC_UnitSearchPath>
    <DCC_ResourcePath>C:\Windows\Microsoft.NET\Framework\v2.0.50727</DCC_ResourcePath>
    <DCC_IncludePath>C:\Windows\Microsoft.NET\Framework\v2.0.50727</DCC_IncludePath>
  </PropertyGroup>
  <ProjectExtensions>
    <Borland.Personality>DelphiDotNet.Personality</Borland.Personality>
    <Borland.ProjectType>VCLApplication</Borland.ProjectType>
    <BorlandProject>
<BorlandProject xmlns=""> <DelphiDotNet.Personality>   <Parameters>
      <Parameters Name="UseLauncher">False</Parameters>
      <Parameters Name="LoadAllSymbols">True</Parameters>
      <Parameters Name="LoadUnspecifiedSymbols">False</Parameters>
    </Parameters>
    <VersionInfo>
      <VersionInfo Name="IncludeVerInfo">False</VersionInfo>
      <VersionInfo Name="AutoIncBuild">False</VersionInfo>
      <VersionInfo Name="MajorVer">1</VersionInfo>
      <VersionInfo Name="MinorVer">0</VersionInfo>
      <VersionInfo Name="Release">0</VersionInfo>
      <VersionInfo Name="Build">0</VersionInfo>
      <VersionInfo Name="Debug">False</VersionInfo>
      <VersionInfo Name="PreRelease">False</VersionInfo>
      <VersionInfo Name="Special">False</VersionInfo>
      <VersionInfo Name="Private">False</VersionInfo>
      <VersionInfo Name="DLL">False</VersionInfo>
      <VersionInfo Name="Locale">1033</VersionInfo>
      <VersionInfo Name="CodePage">1252</VersionInfo>
    </VersionInfo>
    <VersionInfoKeys>
      <VersionInfoKeys Name="CompanyName"></VersionInfoKeys>
      <VersionInfoKeys Name="FileDescription"></VersionInfoKeys>
      <VersionInfoKeys Name="FileVersion">1.0.0.0</VersionInfoKeys>
      <VersionInfoKeys Name="InternalName"></VersionInfoKeys>
      <VersionInfoKeys Name="LegalCopyright"></VersionInfoKeys>
      <VersionInfoKeys Name="LegalTrademarks"></VersionInfoKeys>
      <VersionInfoKeys Name="OriginalFilename"></VersionInfoKeys>
      <VersionInfoKeys Name="ProductName"></VersionInfoKeys>
      <VersionInfoKeys Name="ProductVersion">1.0.0.0</VersionInfoKeys>
      <VersionInfoKeys Name="Comments"></VersionInfoKeys>
    </VersionInfoKeys>
    <Source>
      <Source Name="MainSource">testhash.dpr</Source>
    </Source>
  </DelphiDotNet.Personality> </BorlandProject></BorlandProject>
  </ProjectExtensions>
  <Import Project="$(MSBuildBinPath)\Borland.Delphi.Targets" />
  <ItemGroup>
    <DelphiCompile Include="testhash.dpr">
      <MainSource>MainSource</MainSource>
    </DelphiCompile>
  </ItemGroup>
  <ItemGroup>
    <Reference Include="$(SystemRoot)\Microsoft.NET\Framework\v2.0.50727\System.Drawing.dll">
      <AssemblyName>System.Drawing</AssemblyName>
      <Version>2.0.0.0</Version>
      <HintPath>$(SystemRoot)\Microsoft.NET\Framework\v2.0.50727\System.Drawing.dll</HintPath>
      <AssemblyTag>$(SystemRoot)\Microsoft.NET\Framework\v2.0.50727\System.Drawing.dll</AssemblyTag>
      <LinkUnits>False</LinkUnits>
    </Reference>
  </ItemGroup>
</Project>